
Microsoft Visual Studio Solution File, Format Version 12.00
# Visual Studio 15
VisualStudioVersion = 15.0.27703.2026
MinimumVisualStudioVersion = 10.0.40219.1
Project("{FAE04EC0-301F-11D3-BF4B-00C04F79EFBC}") = "DataTypes7", "DataTypes7\DataTypes7.csproj", "{1C352E86-83A6-4587-BE96-078C7E9E4391}"
EndProject
Project("{FAE04EC0-301F-11D3-BF4B-00C04F79EFBC}") = "String.Tests", "String.Tests\String.Tests.csproj", "{C3774500-8CC5-4D3A-BE0A-BEE036803A2D}"
EndProject
Global
	GlobalSection(SolutionConfigurationPlatforms) = preSolution
		Debug|Any CPU = Debug|Any CPU
		Release|Any CPU = Release|Any CPU
	EndGlobalSection
	GlobalSection(ProjectConfigurationPlatforms) = postSolution
		{1C352E86-83A6-4587-BE96-078C7E9E4391}.Debug|Any CPU.ActiveCfg = Debug|Any CPU
		{1C352E86-83A6-4587-BE96-078C7E9E4391}.Debug|Any CPU.Build.0 = Debug|Any CPU
		{1C352E86-83A6-4587-BE96-078C7E9E4391}.Release|Any CPU.ActiveCfg = Release|Any CPU
		{1C352E86-83A6-4587-BE96-078C7E9E4391}.Release|Any CPU.Build.0 = Release|Any CPU
		{C3774500-8CC5-4D3A-BE0A-BEE036803A2D}.Debug|Any CPU.ActiveCfg = Debug|Any CPU
		{C3774500-8CC5-4D3A-BE0A-BEE036803A2D}.Debug|Any CPU.Build.0 = Debug|Any CPU
		{C3774500-8CC5-4D3A-BE0A-BEE036803A2D}.Release|Any CPU.ActiveCfg = Release|Any CPU
		{C3774500-8CC5-4D3A-BE0A-BEE036803A2D}.Release|Any CPU.Build.0 = Release|Any CPU
	EndGlobalSection
	GlobalSection(SolutionProperties) = preSolution
		HideSolutionNode = FALSE
	EndGlobalSection
	GlobalSection(ExtensibilityGlobals) = postSolution
		SolutionGuid = {50786A79-08F1-48D9-9F5E-96E867ABD4F8}
	EndGlobalSection
EndGlobal
