
Microsoft Visual Studio Solution File, Format Version 12.00
# Visual Studio 15
VisualStudioVersion = 15.0.27703.2026
MinimumVisualStudioVersion = 10.0.40219.1
Project("{FAE04EC0-301F-11D3-BF4B-00C04F79EFBC}") = "ArraysPairs", "ArraysPairs\ArraysPairs.csproj", "{93AF19AE-6904-4AEE-9B7C-03FF795FC26E}"
EndProject
Project("{FAE04EC0-301F-11D3-BF4B-00C04F79EFBC}") = "TestArrays", "TestArrays\TestArrays.csproj", "{F9382937-B548-4CC5-88CE-8F505BB338C1}"
EndProject
Global
	GlobalSection(SolutionConfigurationPlatforms) = preSolution
		Debug|Any CPU = Debug|Any CPU
		Release|Any CPU = Release|Any CPU
	EndGlobalSection
	GlobalSection(ProjectConfigurationPlatforms) = postSolution
		{93AF19AE-6904-4AEE-9B7C-03FF795FC26E}.Debug|Any CPU.ActiveCfg = Debug|Any CPU
		{93AF19AE-6904-4AEE-9B7C-03FF795FC26E}.Debug|Any CPU.Build.0 = Debug|Any CPU
		{93AF19AE-6904-4AEE-9B7C-03FF795FC26E}.Release|Any CPU.ActiveCfg = Release|Any CPU
		{93AF19AE-6904-4AEE-9B7C-03FF795FC26E}.Release|Any CPU.Build.0 = Release|Any CPU
		{F9382937-B548-4CC5-88CE-8F505BB338C1}.Debug|Any CPU.ActiveCfg = Debug|Any CPU
		{F9382937-B548-4CC5-88CE-8F505BB338C1}.Debug|Any CPU.Build.0 = Debug|Any CPU
		{F9382937-B548-4CC5-88CE-8F505BB338C1}.Release|Any CPU.ActiveCfg = Release|Any CPU
		{F9382937-B548-4CC5-88CE-8F505BB338C1}.Release|Any CPU.Build.0 = Release|Any CPU
	EndGlobalSection
	GlobalSection(SolutionProperties) = preSolution
		HideSolutionNode = FALSE
	EndGlobalSection
	GlobalSection(ExtensibilityGlobals) = postSolution
		SolutionGuid = {197E6C4E-B3D5-4D8F-9C09-6E4A18BA7D6E}
	EndGlobalSection
EndGlobal
